// !$*UTF8*$!
{
	archiveVersion = 1;
	classes = {
	};
	objectVersion = 46;
	objects = {

/* Begin PBXBuildFile section */
		97D005641CB4604700B788DC /* AppDelegate.swift in Sources */ = {isa = PBXBuildFile; fileRef = 97D005631CB4604700B788DC /* AppDelegate.swift */; };
		97D005661CB4604700B788DC /* ViewController.swift in Sources */ = {isa = PBXBuildFile; fileRef = 97D005651CB4604700B788DC /* ViewController.swift */; };
		97D005691CB4604700B788DC /* Main.storyboard in Resources */ = {isa = PBXBuildFile; fileRef = 97D005671CB4604700B788DC /* Main.storyboard */; };
		97D0056B1CB4604700B788DC /* Assets.xcassets in Resources */ = {isa = PBXBuildFile; fileRef = 97D0056A1CB4604700B788DC /* Assets.xcassets */; };
		97D0056E1CB4604700B788DC /* LaunchScreen.storyboard in Resources */ = {isa = PBXBuildFile; fileRef = 97D0056C1CB4604700B788DC /* LaunchScreen.storyboard */; };
/* End PBXBuildFile section */

/* Begin PBXFileReference section */
		97D005601CB4604700B788DC /* restructure.app */ = {isa = PBXFileReference; explicitFileType = wrapper.application; includeInIndex = 0; path = restructure.app; sourceTree = BUILT_PRODUCTS_DIR; };
		97D005631CB4604700B788DC /* AppDelegate.swift */ = {isa = PBXFileReference; lastKnownFileType = sourcecode.swift; path = AppDelegate.swift; sourceTree = "<group>"; };
		97D005651CB4604700B788DC /* ViewController.swift */ = {isa = PBXFileReference; lastKnownFileType = sourcecode.swift; path = ViewController.swift; sourceTree = "<group>"; };
		97D005681CB4604700B788DC /* Base */ = {isa = PBXFileReference; lastKnownFileType = file.storyboard; name = Base; path = Base.lproj/Main.storyboard; sourceTree = "<group>"; };
		97D0056A1CB4604700B788DC /* Assets.xcassets */ = {isa = PBXFileReference; lastKnownFileType = folder.assetcatalog; path = Assets.xcassets; sourceTree = "<group>"; };
		97D0056D1CB4604700B788DC /* Base */ = {isa = PBXFileReference; lastKnownFileType = file.storyboard; name = Base; path = Base.lproj/LaunchScreen.storyboard; sourceTree = "<group>"; };
		97D0056F1CB4604700B788DC /* Info.plist */ = {isa = PBXFileReference; lastKnownFileType = text.plist.xml; path = Info.plist; sourceTree = "<group>"; };
/* End PBXFileReference section */

/* Begin PBXFrameworksBuildPhase section */
		97D0055D1CB4604700B788DC /* Frameworks */ = {
			isa = PBXFrameworksBuildPhase;
			buildActionMask = 2147483647;
			files = (
			);
			runOnlyForDeploymentPostprocessing = 0;
		};
/* End PBXFrameworksBuildPhase section */

/* Begin PBXGroup section */
		97D005571CB4604700B788DC = {
			isa = PBXGroup;
			children = (
				97D005621CB4604700B788DC /* restructure */,
				97D005611CB4604700B788DC /* Products */,
			);
			sourceTree = "<group>";
		};
		97D005611CB4604700B788DC /* Products */ = {
			isa = PBXGroup;
			children = (
				97D005601CB4604700B788DC /* restructure.app */,
			);
			name = Products;
			sourceTree = "<group>";
		};
		97D005621CB4604700B788DC /* restructure */ = {
			isa = PBXGroup;
			children = (
				97D005631CB4604700B788DC /* AppDelegate.swift */,
				97D005651CB4604700B788DC /* ViewController.swift */,
				97D005671CB4604700B788DC /* Main.storyboard */,
				97D0056A1CB4604700B788DC /* Assets.xcassets */,
				97D0056C1CB4604700B788DC /* LaunchScreen.storyboard */,
				97D0056F1CB4604700B788DC /* Info.plist */,
			);
			path = restructure;
			sourceTree = "<group>";
		};
/* End PBXGroup section */

/* Begin PBXNativeTarget section */
		97D0055F1CB4604700B788DC /* restructure */ = {
			isa = PBXNativeTarget;
			buildConfigurationList = 97D005721CB4604700B788DC /* Build configuration list for PBXNativeTarget "restructure" */;
			buildPhases = (
				97D0055C1CB4604700B788DC /* Sources */,
				97D0055D1CB4604700B788DC /* Frameworks */,
				97D0055E1CB4604700B788DC /* Resources */,
			);
			buildRules = (
			);
			dependencies = (
			);
			name = restructure;
			productName = restructure;
			productReference = 97D005601CB4604700B788DC /* restructure.app */;
			productType = "com.apple.product-type.application";
		};
/* End PBXNativeTarget section */

/* Begin PBXProject section */
		97D005581CB4604700B788DC /* Project object */ = {
			isa = PBXProject;
			attributes = {
				LastSwiftUpdateCheck = 0730;
				LastUpgradeCheck = 0730;
				ORGANIZATIONNAME = "The Arwed Group";
				TargetAttributes = {
					97D0055F1CB4604700B788DC = {
						CreatedOnToolsVersion = 7.3;
					};
				};
			};
			buildConfigurationList = 97D0055B1CB4604700B788DC /* Build configuration list for PBXProject "restructure" */;
			compatibilityVersion = "Xcode 3.2";
			developmentRegion = English;
			hasScannedForEncodings = 0;
			knownRegions = (
				en,
				Base,
			);
			mainGroup = 97D005571CB4604700B788DC;
			productRefGroup = 97D005611CB4604700B788DC /* Products */;
			projectDirPath = "";
			projectRoot = "";
			targets = (
				97D0055F1CB4604700B788DC /* restructure */,
			);
		};
/* End PBXProject section */

/* Begin PBXResourcesBuildPhase section */
		97D0055E1CB4604700B788DC /* Resources */ = {
			isa = PBXResourcesBuildPhase;
			buildActionMask = 2147483647;
			files = (
				97D0056E1CB4604700B788DC /* LaunchScreen.storyboard in Resources */,
				97D0056B1CB4604700B788DC /* Assets.xcassets in Resources */,
				97D005691CB4604700B788DC /* Main.storyboard in Resources */,
			);
			runOnlyForDeploymentPostprocessing = 0;
		};
/* End PBXResourcesBuildPhase section */

/* Begin PBXSourcesBuildPhase section */
		97D0055C1CB4604700B788DC /* Sources */ = {
			isa = PBXSourcesBuildPhase;
			buildActionMask = 2147483647;
			files = (
				97D005661CB4604700B788DC /* ViewController.swift in Sources */,
				97D005641CB4604700B788DC /* AppDelegate.swift in Sources */,
			);
			runOnlyForDeploymentPostprocessing = 0;
		};
/* End PBXSourcesBuildPhase section */

/* Begin PBXVariantGroup section */
		97D005671CB4604700B788DC /* Main.storyboard */ = {
			isa = PBXVariantGroup;
			children = (
				97D005681CB4604700B788DC /* Base */,
			);
			name = Main.storyboard;
			sourceTree = "<group>";
		};
		97D0056C1CB4604700B788DC /* LaunchScreen.storyboard */ = {
			isa = PBXVariantGroup;
			children = (
				97D0056D1CB4604700B788DC /* Base */,
			);
			name = LaunchScreen.storyboard;
			sourceTree = "<group>";
		};
/* End PBXVariantGroup section */

/* Begin XCBuildConfiguration section */
		97D005701CB4604700B788DC /* Debug */ = {
			isa = XCBuildConfiguration;
			buildSettings = {
				ALWAYS_SEARCH_USER_PATHS = NO;
				CLANG_ANALYZER_NONNULL = YES;
				CLANG_CXX_LANGUAGE_STANDARD = "gnu++0x";
				CLANG_CXX_LIBRARY = "libc++";
				CLANG_ENABLE_MODULES = YES;
				CLANG_ENABLE_OBJC_ARC = YES;
				CLANG_WARN_BOOL_CONVERSION = YES;
				CLANG_WARN_CONSTANT_CONVERSION = YES;
				CLANG_WARN_DIRECT_OBJC_ISA_USAGE = YES_ERROR;
				CLANG_WARN_EMPTY_BODY = YES;
				CLANG_WARN_ENUM_CONVERSION = YES;
				CLANG_WARN_INT_CONVERSION = YES;
				CLANG_WARN_OBJC_ROOT_CLASS = YES_ERROR;
				CLANG_WARN_UNREACHABLE_CODE = YES;
				CLANG_WARN__DUPLICATE_METHOD_MATCH = YES;
				"CODE_SIGN_IDENTITY[sdk=iphoneos*]" = "iPhone Developer";
				COPY_PHASE_STRIP = NO;
				DEBUG_INFORMATION_FORMAT = dwarf;
				ENABLE_STRICT_OBJC_MSGSEND = YES;
				ENABLE_TESTABILITY = YES;
				GCC_C_LANGUAGE_STANDARD = gnu99;
				GCC_DYNAMIC_NO_PIC = NO;
				GCC_NO_COMMON_BLOCKS = YES;
				GCC_OPTIMIZATION_LEVEL = 0;
				GCC_PREPROCESSOR_DEFINITIONS = (
					"DEBUG=1",
					"$(inherited)",
				);
				GCC_WARN_64_TO_32_BIT_CONVERSION = YES;
				GCC_WARN_ABOUT_RETURN_TYPE = YES_ERROR;
				GCC_WARN_UNDECLARED_SELECTOR = YES;
				GCC_WARN_UNINITIALIZED_AUTOS = YES_AGGRESSIVE;
				GCC_WARN_UNUSED_FUNCTION = YES;
				GCC_WARN_UNUSED_VARIABLE = YES;
				IPHONEOS_DEPLOYMENT_TARGET = 9.3;
				MTL_ENABLE_DEBUG_INFO = YES;
				ONLY_ACTIVE_ARCH = YES;
				SDKROOT = iphoneos;
				SWIFT_OPTIMIZATION_LEVEL = "-Onone";
				TARGETED_DEVICE_FAMILY = "1,2";
			};
			name = Debug;
		};
		97D005711CB4604700B788DC /* Release */ = {
			isa = XCBuildConfiguration;
			buildSettings = {
				ALWAYS_SEARCH_USER_PATHS = NO;
				CLANG_ANALYZER_NONNULL = YES;
				CLANG_CXX_LANGUAGE_STANDARD = "gnu++0x";
				CLANG_CXX_LIBRARY = "libc++";
				CLANG_ENABLE_MODULES = YES;
				CLANG_ENABLE_OBJC_ARC = YES;
				CLANG_WARN_BOOL_CONVERSION = YES;
				CLANG_WARN_CONSTANT_CONVERSION = YES;
				CLANG_WARN_DIRECT_OBJC_ISA_USAGE = YES_ERROR;
				CLANG_WARN_EMPTY_BODY = YES;
				CLANG_WARN_ENUM_CONVERSION = YES;
				CLANG_WARN_INT_CONVERSION = YES;
				CLANG_WARN_OBJC_ROOT_CLASS = YES_ERROR;
				CLANG_WARN_UNREACHABLE_CODE = YES;
				CLANG_WARN__DUPLICATE_METHOD_MATCH = YES;
				"CODE_SIGN_IDENTITY[sdk=iphoneos*]" = "iPhone Developer";
				COPY_PHASE_STRIP = NO;
				DEBUG_INFORMATION_FORMAT = "dwarf-with-dsym";
				ENABLE_NS_ASSERTIONS = NO;
				ENABLE_STRICT_OBJC_MSGSEND = YES;
				GCC_C_LANGUAGE_STANDARD = gnu99;
				GCC_NO_COMMON_BLOCKS = YES;
				GCC_WARN_64_TO_32_BIT_CONVERSION = YES;
				GCC_WARN_ABOUT_RETURN_TYPE = YES_ERROR;
				GCC_WARN_UNDECLARED_SELECTOR = YES;
				GCC_WARN_UNINITIALIZED_AUTOS = YES_AGGRESSIVE;
				GCC_WARN_UNUSED_FUNCTION = YES;
				GCC_WARN_UNUSED_VARIABLE = YES;
				IPHONEOS_DEPLOYMENT_TARGET = 9.3;
				MTL_ENABLE_DEBUG_INFO = NO;
				SDKROOT = iphoneos;
				TARGETED_DEVICE_FAMILY = "1,2";
				VALIDATE_PRODUCT = YES;
			};
			name = Release;
		};
		97D005731CB4604700B788DC /* Debug */ = {
			isa = XCBuildConfiguration;
			buildSettings = {
				ASSETCATALOG_COMPILER_APPICON_NAME = AppIcon;
				INFOPLIST_FILE = restructure/Info.plist;
				LD_RUNPATH_SEARCH_PATHS = "$(inherited) @executable_path/Frameworks";
				PRODUCT_BUNDLE_IDENTIFIER = com.arwed.restructure;
				PRODUCT_NAME = "$(TARGET_NAME)";
			};
			name = Debug;
		};
		97D005741CB4604700B788DC /* Release */ = {
			isa = XCBuildConfiguration;
			buildSettings = {
				ASSETCATALOG_COMPILER_APPICON_NAME = AppIcon;
				INFOPLIST_FILE = restructure/Info.plist;
				LD_RUNPATH_SEARCH_PATHS = "$(inherited) @executable_path/Frameworks";
				PRODUCT_BUNDLE_IDENTIFIER = com.arwed.restructure;
				PRODUCT_NAME = "$(TARGET_NAME)";
			};
			name = Release;
		};
/* End XCBuildConfiguration section */

/* Begin XCConfigurationList section */
		97D0055B1CB4604700B788DC /* Build configuration list for PBXProject "restructure" */ = {
			isa = XCConfigurationList;
			buildConfigurations = (
				97D005701CB4604700B788DC /* Debug */,
				97D005711CB4604700B788DC /* Release */,
			);
			defaultConfigurationIsVisible = 0;
			defaultConfigurationName = Release;
		};
		97D005721CB4604700B788DC /* Build configuration list for PBXNativeTarget "restructure" */ = {
			isa = XCConfigurationList;
			buildConfigurations = (
				97D005731CB4604700B788DC /* Debug */,
				97D005741CB4604700B788DC /* Release */,
			);
			defaultConfigurationIsVisible = 0;
		};
/* End XCConfigurationList section */
	};
	rootObject = 97D005581CB4604700B788DC /* Project object */;
}
